{
  "name": "@bit/primefaces.primereact.autocomplete",
  "version": "3.1.0",
  "lockfileVersion": 1,
  "requires": true,
  "dependencies": {
    "@bit/primefaces.primereact.button": {
      "version": "3.1.0",
      "resolved": "https://node.bit.dev/primefaces.primereact.button/-/primefaces.primereact.button-3.1.0.tgz",
      "integrity": "sha1-a2ESQDKEYEl6ZWWrGmLkeLqbA0s=",
      "requires": {
        "@bit/primefaces.primereact.internal.utild": "3.1.0",
        "@bit/primefaces.primereact.tooltip": "3.1.0",
        "classnames": "^2.2.6",
        "prop-types": "^15.6.2",
        "react": "^16.6.3"
      }
    },
    "@bit/primefaces.primereact.inputtext": {
      "version": "3.1.0",
      "resolved": "https://node.bit.dev/primefaces.primereact.inputtext/-/primefaces.primereact.inputtext-3.1.0.tgz",
      "integrity": "sha1-w50jA+68jgp/uFwtC5a3uhBwhs4=",
      "requires": {
        "@bit/primefaces.primereact.keyfilter": "3.1.0",
        "@bit/primefaces.primereact.tooltip": "3.1.0",
        "@bit/primefaces.primereact.utils.dom-handler": "3.1.0",
        "classnames": "^2.2.6",
        "prop-types": "^15.6.2",
        "react": "^16.6.3"
      }
    },
    "@bit/primefaces.primereact.internal.utild": {
      "version": "3.1.0",
      "resolved": "https://node.bit.dev/primefaces.primereact.internal.utild/-/primefaces.primereact.internal.utild-3.1.0.tgz",
      "integrity": "sha1-ZFqYQiG2F3MyZkicdsojgV5saDo="
    },
    "@bit/primefaces.primereact.keyfilter": {
      "version": "3.1.0",
      "resolved": "https://node.bit.dev/primefaces.primereact.keyfilter/-/primefaces.primereact.keyfilter-3.1.0.tgz",
      "integrity": "sha1-sj1pHrbU9QaOyCLTsuN4rExVcUo=",
      "requires": {
        "@bit/primefaces.primereact.utils.dom-handler": "3.1.0"
      }
    },
    "@bit/primefaces.primereact.tooltip": {
      "version": "3.1.0",
      "resolved": "https://node.bit.dev/primefaces.primereact.tooltip/-/primefaces.primereact.tooltip-3.1.0.tgz",
      "integrity": "sha1-RRPDf55yBMe2kuea/lH1ox5nLIc=",
      "requires": {
        "@bit/primefaces.primereact.utils.dom-handler": "3.1.0"
      }
    },
    "@bit/primefaces.primereact.utils.dom-handler": {
      "version": "3.1.0",
      "resolved": "https://node.bit.dev/primefaces.primereact.utils.dom-handler/-/primefaces.primereact.utils.dom-handler-3.1.0.tgz",
      "integrity": "sha1-x2zN0a0oPNo2l+zE38CENPMTa6Q="
    },
    "@bit/primefaces.primereact.utils.object-utils": {
      "version": "3.1.0",
      "resolved": "https://node.bit.dev/primefaces.primereact.utils.object-utils/-/primefaces.primereact.utils.object-utils-3.1.0.tgz",
      "integrity": "sha1-8xOFJwADn4BuvydeTSC1W56ebsA="
    },
    "classnames": {
      "version": "2.2.6",
      "resolved": "https://registry.npmjs.org/classnames/-/classnames-2.2.6.tgz",
      "integrity": "sha512-JR/iSQOSt+LQIWwrwEzJ9uk0xfN3mTVYMwt1Ir5mUcSN6pU+V4zQFFaJsclJbPuAUQH+yfWef6tm7l1quW3C8Q=="
    },
    "js-tokens": {
      "version": "4.0.0",
      "resolved": "https://registry.npmjs.org/js-tokens/-/js-tokens-4.0.0.tgz",
      "integrity": "sha512-RdJUflcE3cUzKiMqQgsCu06FPu9UdIJO0beYbPhHN4k6apgJtifcoCtT9bcxOpYBtpD2kCM6Sbzg4CausW/PKQ=="
    },
    "loose-envify": {
      "version": "1.4.0",
      "resolved": "https://registry.npmjs.org/loose-envify/-/loose-envify-1.4.0.tgz",
      "integrity": "sha512-lyuxPGr/Wfhrlem2CL/UcnUc1zcqKAImBDzukY7Y5F/yQiNdko6+fRLevlw1HgMySw7f611UIY408EtxRSoK3Q==",
      "requires": {
        "js-tokens": "^3.0.0 || ^4.0.0"
      }
    },
    "object-assign": {
      "version": "4.1.1",
      "resolved": "https://registry.npmjs.org/object-assign/-/object-assign-4.1.1.tgz",
      "integrity": "sha1-IQmtx5ZYh8/AXLvUQsrIv7s2CGM="
    },
    "prop-types": {
      "version": "15.7.2",
      "resolved": "https://registry.npmjs.org/prop-types/-/prop-types-15.7.2.tgz",
      "integrity": "sha512-8QQikdH7//R2vurIJSutZ1smHYTcLpRWEOlHnzcWHmBYrOGUysKwSsrC89BCiFj3CbrfJ/nXFdJepOVrY1GCHQ==",
      "requires": {
        "loose-envify": "^1.4.0",
        "object-assign": "^4.1.1",
        "react-is": "^16.8.1"
      }
    },
    "react": {
      "version": "16.8.6",
      "resolved": "https://registry.npmjs.org/react/-/react-16.8.6.tgz",
      "integrity": "sha512-pC0uMkhLaHm11ZSJULfOBqV4tIZkx87ZLvbbQYunNixAAvjnC+snJCg0XQXn9VIsttVsbZP/H/ewzgsd5fxKXw==",
      "requires": {
        "loose-envify": "^1.1.0",
        "object-assign": "^4.1.1",
        "prop-types": "^15.6.2",
        "scheduler": "^0.13.6"
      }
    },
    "react-dom": {
      "version": "16.8.6",
      "resolved": "https://registry.npmjs.org/react-dom/-/react-dom-16.8.6.tgz",
      "integrity": "sha512-1nL7PIq9LTL3fthPqwkvr2zY7phIPjYrT0jp4HjyEQrEROnw4dG41VVwi/wfoCneoleqrNX7iAD+pXebJZwrwA==",
      "requires": {
        "loose-envify": "^1.1.0",
        "object-assign": "^4.1.1",
        "prop-types": "^15.6.2",
        "scheduler": "^0.13.6"
      }
    },
    "react-is": {
      "version": "16.8.6",
      "resolved": "https://registry.npmjs.org/react-is/-/react-is-16.8.6.tgz",
      "integrity": "sha512-aUk3bHfZ2bRSVFFbbeVS4i+lNPZr3/WM5jT2J5omUVV1zzcs1nAaf3l51ctA5FFvCRbhrH0bdAsRRQddFJZPtA=="
    },
    "scheduler": {
      "version": "0.13.6",
      "resolved": "https://registry.npmjs.org/scheduler/-/scheduler-0.13.6.tgz",
      "integrity": "sha512-IWnObHt413ucAYKsD9J1QShUKkbKLQQHdxRyw73sw4FN26iWr3DY/H34xGPe4nmL1DwXyWmSWmMrA9TfQbE/XQ==",
      "requires": {
        "loose-envify": "^1.1.0",
        "object-assign": "^4.1.1"
      }
    }
  }
}
